
Microsoft Visual Studio Solution File, Format Version 12.00
# Visual Studio 15
Project("{FAE04EC0-301F-11D3-BF4B-00C04F79EFBC}") = "井字棋", "井字棋.csproj", "{CF0D8FD4-0D10-7436-F810-D5921FD0FA07}"
EndProject
Global
	GlobalSection(SolutionConfigurationPlatforms) = preSolution
		Debug|Any CPU = Debug|Any CPU
		Release|Any CPU = Release|Any CPU
	EndGlobalSection
	GlobalSection(ProjectConfigurationPlatforms) = postSolution
		{CF0D8FD4-0D10-7436-F810-D5921FD0FA07}.Debug|Any CPU.ActiveCfg = Debug|Any CPU
		{CF0D8FD4-0D10-7436-F810-D5921FD0FA07}.Debug|Any CPU.Build.0 = Debug|Any CPU
		{CF0D8FD4-0D10-7436-F810-D5921FD0FA07}.Release|Any CPU.ActiveCfg = Release|Any CPU
		{CF0D8FD4-0D10-7436-F810-D5921FD0FA07}.Release|Any CPU.Build.0 = Release|Any CPU
	EndGlobalSection
	GlobalSection(SolutionProperties) = preSolution
		HideSolutionNode = FALSE
	EndGlobalSection
EndGlobal
